
Microsoft Visual Studio Solution File, Format Version 12.00
# Visual Studio 15
VisualStudioVersion = 15.0.28010.0
MinimumVisualStudioVersion = 10.0.40219.1
Project("{FAE04EC0-301F-11D3-BF4B-00C04F79EFBC}") = "Sales.Android", "Sales\Sales.Android\Sales.Android.csproj", "{D6A64A37-568B-4CDB-B6B8-B01A4C8737D8}"
EndProject
Project("{FAE04EC0-301F-11D3-BF4B-00C04F79EFBC}") = "Sales.iOS", "Sales\Sales.iOS\Sales.iOS.csproj", "{BFC3CEA9-1202-4D11-BA37-CEAAAFB117EE}"
EndProject
Project("{9A19103F-16F7-4668-BE54-9A1E7A4F7556}") = "Sales", "Sales\Sales\Sales.csproj", "{87EAE414-D895-4F8F-988F-5295D67361AC}"
EndProject
Project("{FAE04EC0-301F-11D3-BF4B-00C04F79EFBC}") = "Sales.Api", "Sales.Api\Sales.Api.csproj", "{9AE8DEF0-5A31-4FE6-8FA2-008D9685AAB2}"
EndProject
Project("{FAE04EC0-301F-11D3-BF4B-00C04F79EFBC}") = "Sales.Backend", "Sales.Backend\Sales.Backend.csproj", "{8ECFD0D3-21FC-4D0D-9B4B-F0B312D62A81}"
EndProject
Project("{FAE04EC0-301F-11D3-BF4B-00C04F79EFBC}") = "Sales.Common", "Sales.Common\Sales.Common.csproj", "{88613190-3BAA-4F4B-9B0C-A113D3F40A84}"
EndProject
Project("{FAE04EC0-301F-11D3-BF4B-00C04F79EFBC}") = "Sales.Domain", "Sales.Domain\Sales.Domain.csproj", "{A3366B4C-036B-46EA-A1B8-34812FD06771}"
EndProject
Global
	GlobalSection(SolutionConfigurationPlatforms) = preSolution
		Ad-Hoc|Any CPU = Ad-Hoc|Any CPU
		Ad-Hoc|ARM = Ad-Hoc|ARM
		Ad-Hoc|iPhone = Ad-Hoc|iPhone
		Ad-Hoc|iPhoneSimulator = Ad-Hoc|iPhoneSimulator
		Ad-Hoc|x64 = Ad-Hoc|x64
		Ad-Hoc|x86 = Ad-Hoc|x86
		AppStore|Any CPU = AppStore|Any CPU
		AppStore|ARM = AppStore|ARM
		AppStore|iPhone = AppStore|iPhone
		AppStore|iPhoneSimulator = AppStore|iPhoneSimulator
		AppStore|x64 = AppStore|x64
		AppStore|x86 = AppStore|x86
		Debug|Any CPU = Debug|Any CPU
		Debug|ARM = Debug|ARM
		Debug|iPhone = Debug|iPhone
		Debug|iPhoneSimulator = Debug|iPhoneSimulator
		Debug|x64 = Debug|x64
		Debug|x86 = Debug|x86
		Release|Any CPU = Release|Any CPU
		Release|ARM = Release|ARM
		Release|iPhone = Release|iPhone
		Release|iPhoneSimulator = Release|iPhoneSimulator
		Release|x64 = Release|x64
		Release|x86 = Release|x86
	EndGlobalSection
	GlobalSection(ProjectConfigurationPlatforms) = postSolution
		{D6A64A37-568B-4CDB-B6B8-B01A4C8737D8}.Ad-Hoc|Any CPU.ActiveCfg = Release|Any CPU
		{D6A64A37-568B-4CDB-B6B8-B01A4C8737D8}.Ad-Hoc|Any CPU.Build.0 = Release|Any CPU
		{D6A64A37-568B-4CDB-B6B8-B01A4C8737D8}.Ad-Hoc|Any CPU.Deploy.0 = Release|Any CPU
		{D6A64A37-568B-4CDB-B6B8-B01A4C8737D8}.Ad-Hoc|ARM.ActiveCfg = Release|Any CPU
		{D6A64A37-568B-4CDB-B6B8-B01A4C8737D8}.Ad-Hoc|ARM.Build.0 = Release|Any CPU
		{D6A64A37-568B-4CDB-B6B8-B01A4C8737D8}.Ad-Hoc|ARM.Deploy.0 = Release|Any CPU
		{D6A64A37-568B-4CDB-B6B8-B01A4C8737D8}.Ad-Hoc|iPhone.ActiveCfg = Release|Any CPU
		{D6A64A37-568B-4CDB-B6B8-B01A4C8737D8}.Ad-Hoc|iPhone.Build.0 = Release|Any CPU
		{D6A64A37-568B-4CDB-B6B8-B01A4C8737D8}.Ad-Hoc|iPhone.Deploy.0 = Release|Any CPU
		{D6A64A37-568B-4CDB-B6B8-B01A4C8737D8}.Ad-Hoc|iPhoneSimulator.ActiveCfg = Release|Any CPU
		{D6A64A37-568B-4CDB-B6B8-B01A4C8737D8}.Ad-Hoc|iPhoneSimulator.Build.0 = Release|Any CPU
		{D6A64A37-568B-4CDB-B6B8-B01A4C8737D8}.Ad-Hoc|iPhoneSimulator.Deploy.0 = Release|Any CPU
		{D6A64A37-568B-4CDB-B6B8-B01A4C8737D8}.Ad-Hoc|x64.ActiveCfg = Release|Any CPU
		{D6A64A37-568B-4CDB-B6B8-B01A4C8737D8}.Ad-Hoc|x64.Build.0 = Release|Any CPU
		{D6A64A37-568B-4CDB-B6B8-B01A4C8737D8}.Ad-Hoc|x64.Deploy.0 = Release|Any CPU
		{D6A64A37-568B-4CDB-B6B8-B01A4C8737D8}.Ad-Hoc|x86.ActiveCfg = Release|Any CPU
		{D6A64A37-568B-4CDB-B6B8-B01A4C8737D8}.Ad-Hoc|x86.Build.0 = Release|Any CPU
		{D6A64A37-568B-4CDB-B6B8-B01A4C8737D8}.Ad-Hoc|x86.Deploy.0 = Release|Any CPU
		{D6A64A37-568B-4CDB-B6B8-B01A4C8737D8}.AppStore|Any CPU.ActiveCfg = Release|Any CPU
		{D6A64A37-568B-4CDB-B6B8-B01A4C8737D8}.AppStore|Any CPU.Build.0 = Release|Any CPU
		{D6A64A37-568B-4CDB-B6B8-B01A4C8737D8}.AppStore|Any CPU.Deploy.0 = Release|Any CPU
		{D6A64A37-568B-4CDB-B6B8-B01A4C8737D8}.AppStore|ARM.ActiveCfg = Release|Any CPU
		{D6A64A37-568B-4CDB-B6B8-B01A4C8737D8}.AppStore|ARM.Build.0 = Release|Any CPU
		{D6A64A37-568B-4CDB-B6B8-B01A4C8737D8}.AppStore|ARM.Deploy.0 = Release|Any CPU
		{D6A64A37-568B-4CDB-B6B8-B01A4C8737D8}.AppStore|iPhone.ActiveCfg = Release|Any CPU
		{D6A64A37-568B-4CDB-B6B8-B01A4C8737D8}.AppStore|iPhone.Build.0 = Release|Any CPU
		{D6A64A37-568B-4CDB-B6B8-B01A4C8737D8}.AppStore|iPhone.Deploy.0 = Release|Any CPU
		{D6A64A37-568B-4CDB-B6B8-B01A4C8737D8}.AppStore|iPhoneSimulator.ActiveCfg = Release|Any CPU
		{D6A64A37-568B-4CDB-B6B8-B01A4C8737D8}.AppStore|iPhoneSimulator.Build.0 = Release|Any CPU
		{D6A64A37-568B-4CDB-B6B8-B01A4C8737D8}.AppStore|iPhoneSimulator.Deploy.0 = Release|Any CPU
		{D6A64A37-568B-4CDB-B6B8-B01A4C8737D8}.AppStore|x64.ActiveCfg = Release|Any CPU
		{D6A64A37-568B-4CDB-B6B8-B01A4C8737D8}.AppStore|x64.Build.0 = Release|Any CPU
		{D6A64A37-568B-4CDB-B6B8-B01A4C8737D8}.AppStore|x64.Deploy.0 = Release|Any CPU
		{D6A64A37-568B-4CDB-B6B8-B01A4C8737D8}.AppStore|x86.ActiveCfg = Release|Any CPU
		{D6A64A37-568B-4CDB-B6B8-B01A4C8737D8}.AppStore|x86.Build.0 = Release|Any CPU
		{D6A64A37-568B-4CDB-B6B8-B01A4C8737D8}.AppStore|x86.Deploy.0 = Release|Any CPU
		{D6A64A37-568B-4CDB-B6B8-B01A4C8737D8}.Debug|Any CPU.ActiveCfg = Debug|Any CPU
		{D6A64A37-568B-4CDB-B6B8-B01A4C8737D8}.Debug|Any CPU.Build.0 = Debug|Any CPU
		{D6A64A37-568B-4CDB-B6B8-B01A4C8737D8}.Debug|Any CPU.Deploy.0 = Debug|Any CPU
		{D6A64A37-568B-4CDB-B6B8-B01A4C8737D8}.Debug|ARM.ActiveCfg = Debug|Any CPU
		{D6A64A37-568B-4CDB-B6B8-B01A4C8737D8}.Debug|ARM.Build.0 = Debug|Any CPU
		{D6A64A37-568B-4CDB-B6B8-B01A4C8737D8}.Debug|ARM.Deploy.0 = Debug|Any CPU
		{D6A64A37-568B-4CDB-B6B8-B01A4C8737D8}.Debug|iPhone.ActiveCfg = Debug|Any CPU
		{D6A64A37-568B-4CDB-B6B8-B01A4C8737D8}.Debug|iPhone.Build.0 = Debug|Any CPU
		{D6A64A37-568B-4CDB-B6B8-B01A4C8737D8}.Debug|iPhone.Deploy.0 = Debug|Any CPU
		{D6A64A37-568B-4CDB-B6B8-B01A4C8737D8}.Debug|iPhoneSimulator.ActiveCfg = Debug|Any CPU
		{D6A64A37-568B-4CDB-B6B8-B01A4C8737D8}.Debug|iPhoneSimulator.Build.0 = Debug|Any CPU
		{D6A64A37-568B-4CDB-B6B8-B01A4C8737D8}.Debug|iPhoneSimulator.Deploy.0 = Debug|Any CPU
		{D6A64A37-568B-4CDB-B6B8-B01A4C8737D8}.Debug|x64.ActiveCfg = Debug|Any CPU
		{D6A64A37-568B-4CDB-B6B8-B01A4C8737D8}.Debug|x64.Build.0 = Debug|Any CPU
		{D6A64A37-568B-4CDB-B6B8-B01A4C8737D8}.Debug|x64.Deploy.0 = Debug|Any CPU
		{D6A64A37-568B-4CDB-B6B8-B01A4C8737D8}.Debug|x86.ActiveCfg = Debug|Any CPU
		{D6A64A37-568B-4CDB-B6B8-B01A4C8737D8}.Debug|x86.Build.0 = Debug|Any CPU
		{D6A64A37-568B-4CDB-B6B8-B01A4C8737D8}.Debug|x86.Deploy.0 = Debug|Any CPU
		{D6A64A37-568B-4CDB-B6B8-B01A4C8737D8}.Release|Any CPU.ActiveCfg = Release|Any CPU
		{D6A64A37-568B-4CDB-B6B8-B01A4C8737D8}.Release|Any CPU.Build.0 = Release|Any CPU
		{D6A64A37-568B-4CDB-B6B8-B01A4C8737D8}.Release|Any CPU.Deploy.0 = Release|Any CPU
		{D6A64A37-568B-4CDB-B6B8-B01A4C8737D8}.Release|ARM.ActiveCfg = Release|Any CPU
		{D6A64A37-568B-4CDB-B6B8-B01A4C8737D8}.Release|ARM.Build.0 = Release|Any CPU
		{D6A64A37-568B-4CDB-B6B8-B01A4C8737D8}.Release|ARM.Deploy.0 = Release|Any CPU
		{D6A64A37-568B-4CDB-B6B8-B01A4C8737D8}.Release|iPhone.ActiveCfg = Release|Any CPU
		{D6A64A37-568B-4CDB-B6B8-B01A4C8737D8}.Release|iPhone.Build.0 = Release|Any CPU
		{D6A64A37-568B-4CDB-B6B8-B01A4C8737D8}.Release|iPhone.Deploy.0 = Release|Any CPU
		{D6A64A37-568B-4CDB-B6B8-B01A4C8737D8}.Release|iPhoneSimulator.ActiveCfg = Release|Any CPU
		{D6A64A37-568B-4CDB-B6B8-B01A4C8737D8}.Release|iPhoneSimulator.Build.0 = Release|Any CPU
		{D6A64A37-568B-4CDB-B6B8-B01A4C8737D8}.Release|iPhoneSimulator.Deploy.0 = Release|Any CPU
		{D6A64A37-568B-4CDB-B6B8-B01A4C8737D8}.Release|x64.ActiveCfg = Release|Any CPU
		{D6A64A37-568B-4CDB-B6B8-B01A4C8737D8}.Release|x64.Build.0 = Release|Any CPU
		{D6A64A37-568B-4CDB-B6B8-B01A4C8737D8}.Release|x64.Deploy.0 = Release|Any CPU
		{D6A64A37-568B-4CDB-B6B8-B01A4C8737D8}.Release|x86.ActiveCfg = Release|Any CPU
		{D6A64A37-568B-4CDB-B6B8-B01A4C8737D8}.Release|x86.Build.0 = Release|Any CPU
		{D6A64A37-568B-4CDB-B6B8-B01A4C8737D8}.Release|x86.Deploy.0 = Release|Any CPU
		{BFC3CEA9-1202-4D11-BA37-CEAAAFB117EE}.Ad-Hoc|Any CPU.ActiveCfg = Ad-Hoc|iPhone
		{BFC3CEA9-1202-4D11-BA37-CEAAAFB117EE}.Ad-Hoc|Any CPU.Build.0 = Ad-Hoc|iPhone
		{BFC3CEA9-1202-4D11-BA37-CEAAAFB117EE}.Ad-Hoc|Any CPU.Deploy.0 = Ad-Hoc|iPhone
		{BFC3CEA9-1202-4D11-BA37-CEAAAFB117EE}.Ad-Hoc|ARM.ActiveCfg = Ad-Hoc|iPhone
		{BFC3CEA9-1202-4D11-BA37-CEAAAFB117EE}.Ad-Hoc|ARM.Build.0 = Ad-Hoc|iPhone
		{BFC3CEA9-1202-4D11-BA37-CEAAAFB117EE}.Ad-Hoc|ARM.Deploy.0 = Ad-Hoc|iPhone
		{BFC3CEA9-1202-4D11-BA37-CEAAAFB117EE}.Ad-Hoc|iPhone.ActiveCfg = Ad-Hoc|iPhone
		{BFC3CEA9-1202-4D11-BA37-CEAAAFB117EE}.Ad-Hoc|iPhone.Build.0 = Ad-Hoc|iPhone
		{BFC3CEA9-1202-4D11-BA37-CEAAAFB117EE}.Ad-Hoc|iPhone.Deploy.0 = Ad-Hoc|iPhone
		{BFC3CEA9-1202-4D11-BA37-CEAAAFB117EE}.Ad-Hoc|iPhoneSimulator.ActiveCfg = Ad-Hoc|iPhoneSimulator
		{BFC3CEA9-1202-4D11-BA37-CEAAAFB117EE}.Ad-Hoc|iPhoneSimulator.Build.0 = Ad-Hoc|iPhoneSimulator
		{BFC3CEA9-1202-4D11-BA37-CEAAAFB117EE}.Ad-Hoc|iPhoneSimulator.Deploy.0 = Ad-Hoc|iPhoneSimulator
		{BFC3CEA9-1202-4D11-BA37-CEAAAFB117EE}.Ad-Hoc|x64.ActiveCfg = Ad-Hoc|iPhone
		{BFC3CEA9-1202-4D11-BA37-CEAAAFB117EE}.Ad-Hoc|x64.Build.0 = Ad-Hoc|iPhone
		{BFC3CEA9-1202-4D11-BA37-CEAAAFB117EE}.Ad-Hoc|x64.Deploy.0 = Ad-Hoc|iPhone
		{BFC3CEA9-1202-4D11-BA37-CEAAAFB117EE}.Ad-Hoc|x86.ActiveCfg = Ad-Hoc|iPhone
		{BFC3CEA9-1202-4D11-BA37-CEAAAFB117EE}.Ad-Hoc|x86.Build.0 = Ad-Hoc|iPhone
		{BFC3CEA9-1202-4D11-BA37-CEAAAFB117EE}.Ad-Hoc|x86.Deploy.0 = Ad-Hoc|iPhone
		{BFC3CEA9-1202-4D11-BA37-CEAAAFB117EE}.AppStore|Any CPU.ActiveCfg = AppStore|iPhone
		{BFC3CEA9-1202-4D11-BA37-CEAAAFB117EE}.AppStore|Any CPU.Build.0 = AppStore|iPhone
		{BFC3CEA9-1202-4D11-BA37-CEAAAFB117EE}.AppStore|Any CPU.Deploy.0 = AppStore|iPhone
		{BFC3CEA9-1202-4D11-BA37-CEAAAFB117EE}.AppStore|ARM.ActiveCfg = AppStore|iPhone
		{BFC3CEA9-1202-4D11-BA37-CEAAAFB117EE}.AppStore|ARM.Build.0 = AppStore|iPhone
		{BFC3CEA9-1202-4D11-BA37-CEAAAFB117EE}.AppStore|ARM.Deploy.0 = AppStore|iPhone
		{BFC3CEA9-1202-4D11-BA37-CEAAAFB117EE}.AppStore|iPhone.ActiveCfg = AppStore|iPhone
		{BFC3CEA9-1202-4D11-BA37-CEAAAFB117EE}.AppStore|iPhone.Build.0 = AppStore|iPhone
		{BFC3CEA9-1202-4D11-BA37-CEAAAFB117EE}.AppStore|iPhone.Deploy.0 = AppStore|iPhone
		{BFC3CEA9-1202-4D11-BA37-CEAAAFB117EE}.AppStore|iPhoneSimulator.ActiveCfg = AppStore|iPhoneSimulator
		{BFC3CEA9-1202-4D11-BA37-CEAAAFB117EE}.AppStore|iPhoneSimulator.Build.0 = AppStore|iPhoneSimulator
		{BFC3CEA9-1202-4D11-BA37-CEAAAFB117EE}.AppStore|iPhoneSimulator.Deploy.0 = AppStore|iPhoneSimulator
		{BFC3CEA9-1202-4D11-BA37-CEAAAFB117EE}.AppStore|x64.ActiveCfg = AppStore|iPhone
		{BFC3CEA9-1202-4D11-BA37-CEAAAFB117EE}.AppStore|x64.Build.0 = AppStore|iPhone
		{BFC3CEA9-1202-4D11-BA37-CEAAAFB117EE}.AppStore|x64.Deploy.0 = AppStore|iPhone
		{BFC3CEA9-1202-4D11-BA37-CEAAAFB117EE}.AppStore|x86.ActiveCfg = AppStore|iPhone
		{BFC3CEA9-1202-4D11-BA37-CEAAAFB117EE}.AppStore|x86.Build.0 = AppStore|iPhone
		{BFC3CEA9-1202-4D11-BA37-CEAAAFB117EE}.AppStore|x86.Deploy.0 = AppStore|iPhone
		{BFC3CEA9-1202-4D11-BA37-CEAAAFB117EE}.Debug|Any CPU.ActiveCfg = Debug|iPhoneSimulator
		{BFC3CEA9-1202-4D11-BA37-CEAAAFB117EE}.Debug|Any CPU.Build.0 = Debug|iPhoneSimulator
		{BFC3CEA9-1202-4D11-BA37-CEAAAFB117EE}.Debug|Any CPU.Deploy.0 = Debug|iPhoneSimulator
		{BFC3CEA9-1202-4D11-BA37-CEAAAFB117EE}.Debug|ARM.ActiveCfg = Debug|iPhone
		{BFC3CEA9-1202-4D11-BA37-CEAAAFB117EE}.Debug|ARM.Build.0 = Debug|iPhone
		{BFC3CEA9-1202-4D11-BA37-CEAAAFB117EE}.Debug|ARM.Deploy.0 = Debug|iPhone
		{BFC3CEA9-1202-4D11-BA37-CEAAAFB117EE}.Debug|iPhone.ActiveCfg = Debug|iPhone
		{BFC3CEA9-1202-4D11-BA37-CEAAAFB117EE}.Debug|iPhone.Build.0 = Debug|iPhone
		{BFC3CEA9-1202-4D11-BA37-CEAAAFB117EE}.Debug|iPhone.Deploy.0 = Debug|iPhone
		{BFC3CEA9-1202-4D11-BA37-CEAAAFB117EE}.Debug|iPhoneSimulator.ActiveCfg = Debug|iPhoneSimulator
		{BFC3CEA9-1202-4D11-BA37-CEAAAFB117EE}.Debug|iPhoneSimulator.Build.0 = Debug|iPhoneSimulator
		{BFC3CEA9-1202-4D11-BA37-CEAAAFB117EE}.Debug|iPhoneSimulator.Deploy.0 = Debug|iPhoneSimulator
		{BFC3CEA9-1202-4D11-BA37-CEAAAFB117EE}.Debug|x64.ActiveCfg = Debug|iPhone
		{BFC3CEA9-1202-4D11-BA37-CEAAAFB117EE}.Debug|x64.Build.0 = Debug|iPhone
		{BFC3CEA9-1202-4D11-BA37-CEAAAFB117EE}.Debug|x64.Deploy.0 = Debug|iPhone
		{BFC3CEA9-1202-4D11-BA37-CEAAAFB117EE}.Debug|x86.ActiveCfg = Debug|iPhone
		{BFC3CEA9-1202-4D11-BA37-CEAAAFB117EE}.Debug|x86.Build.0 = Debug|iPhone
		{BFC3CEA9-1202-4D11-BA37-CEAAAFB117EE}.Debug|x86.Deploy.0 = Debug|iPhone
		{BFC3CEA9-1202-4D11-BA37-CEAAAFB117EE}.Release|Any CPU.ActiveCfg = Release|iPhone
		{BFC3CEA9-1202-4D11-BA37-CEAAAFB117EE}.Release|Any CPU.Build.0 = Release|iPhone
		{BFC3CEA9-1202-4D11-BA37-CEAAAFB117EE}.Release|Any CPU.Deploy.0 = Release|iPhone
		{BFC3CEA9-1202-4D11-BA37-CEAAAFB117EE}.Release|ARM.ActiveCfg = Release|iPhone
		{BFC3CEA9-1202-4D11-BA37-CEAAAFB117EE}.Release|ARM.Build.0 = Release|iPhone
		{BFC3CEA9-1202-4D11-BA37-CEAAAFB117EE}.Release|ARM.Deploy.0 = Release|iPhone
		{BFC3CEA9-1202-4D11-BA37-CEAAAFB117EE}.Release|iPhone.ActiveCfg = Release|iPhone
		{BFC3CEA9-1202-4D11-BA37-CEAAAFB117EE}.Release|iPhone.Build.0 = Release|iPhone
		{BFC3CEA9-1202-4D11-BA37-CEAAAFB117EE}.Release|iPhone.Deploy.0 = Release|iPhone
		{BFC3CEA9-1202-4D11-BA37-CEAAAFB117EE}.Release|iPhoneSimulator.ActiveCfg = Release|iPhoneSimulator
		{BFC3CEA9-1202-4D11-BA37-CEAAAFB117EE}.Release|iPhoneSimulator.Build.0 = Release|iPhoneSimulator
		{BFC3CEA9-1202-4D11-BA37-CEAAAFB117EE}.Release|iPhoneSimulator.Deploy.0 = Release|iPhoneSimulator
		{BFC3CEA9-1202-4D11-BA37-CEAAAFB117EE}.Release|x64.ActiveCfg = Release|iPhone
		{BFC3CEA9-1202-4D11-BA37-CEAAAFB117EE}.Release|x64.Build.0 = Release|iPhone
		{BFC3CEA9-1202-4D11-BA37-CEAAAFB117EE}.Release|x64.Deploy.0 = Release|iPhone
		{BFC3CEA9-1202-4D11-BA37-CEAAAFB117EE}.Release|x86.ActiveCfg = Release|iPhone
		{BFC3CEA9-1202-4D11-BA37-CEAAAFB117EE}.Release|x86.Build.0 = Release|iPhone
		{BFC3CEA9-1202-4D11-BA37-CEAAAFB117EE}.Release|x86.Deploy.0 = Release|iPhone
		{87EAE414-D895-4F8F-988F-5295D67361AC}.Ad-Hoc|Any CPU.ActiveCfg = Debug|Any CPU
		{87EAE414-D895-4F8F-988F-5295D67361AC}.Ad-Hoc|Any CPU.Build.0 = Debug|Any CPU
		{87EAE414-D895-4F8F-988F-5295D67361AC}.Ad-Hoc|Any CPU.Deploy.0 = Debug|Any CPU
		{87EAE414-D895-4F8F-988F-5295D67361AC}.Ad-Hoc|ARM.ActiveCfg = Debug|Any CPU
		{87EAE414-D895-4F8F-988F-5295D67361AC}.Ad-Hoc|ARM.Build.0 = Debug|Any CPU
		{87EAE414-D895-4F8F-988F-5295D67361AC}.Ad-Hoc|ARM.Deploy.0 = Debug|Any CPU
		{87EAE414-D895-4F8F-988F-5295D67361AC}.Ad-Hoc|iPhone.ActiveCfg = Debug|Any CPU
		{87EAE414-D895-4F8F-988F-5295D67361AC}.Ad-Hoc|iPhone.Build.0 = Debug|Any CPU
		{87EAE414-D895-4F8F-988F-5295D67361AC}.Ad-Hoc|iPhone.Deploy.0 = Debug|Any CPU
		{87EAE414-D895-4F8F-988F-5295D67361AC}.Ad-Hoc|iPhoneSimulator.ActiveCfg = Debug|Any CPU
		{87EAE414-D895-4F8F-988F-5295D67361AC}.Ad-Hoc|iPhoneSimulator.Build.0 = Debug|Any CPU
		{87EAE414-D895-4F8F-988F-5295D67361AC}.Ad-Hoc|iPhoneSimulator.Deploy.0 = Debug|Any CPU
		{87EAE414-D895-4F8F-988F-5295D67361AC}.Ad-Hoc|x64.ActiveCfg = Debug|Any CPU
		{87EAE414-D895-4F8F-988F-5295D67361AC}.Ad-Hoc|x64.Build.0 = Debug|Any CPU
		{87EAE414-D895-4F8F-988F-5295D67361AC}.Ad-Hoc|x64.Deploy.0 = Debug|Any CPU
		{87EAE414-D895-4F8F-988F-5295D67361AC}.Ad-Hoc|x86.ActiveCfg = Debug|Any CPU
		{87EAE414-D895-4F8F-988F-5295D67361AC}.Ad-Hoc|x86.Build.0 = Debug|Any CPU
		{87EAE414-D895-4F8F-988F-5295D67361AC}.Ad-Hoc|x86.Deploy.0 = Debug|Any CPU
		{87EAE414-D895-4F8F-988F-5295D67361AC}.AppStore|Any CPU.ActiveCfg = Debug|Any CPU
		{87EAE414-D895-4F8F-988F-5295D67361AC}.AppStore|Any CPU.Build.0 = Debug|Any CPU
		{87EAE414-D895-4F8F-988F-5295D67361AC}.AppStore|Any CPU.Deploy.0 = Debug|Any CPU
		{87EAE414-D895-4F8F-988F-5295D67361AC}.AppStore|ARM.ActiveCfg = Debug|Any CPU
		{87EAE414-D895-4F8F-988F-5295D67361AC}.AppStore|ARM.Build.0 = Debug|Any CPU
		{87EAE414-D895-4F8F-988F-5295D67361AC}.AppStore|ARM.Deploy.0 = Debug|Any CPU
		{87EAE414-D895-4F8F-988F-5295D67361AC}.AppStore|iPhone.ActiveCfg = Debug|Any CPU
		{87EAE414-D895-4F8F-988F-5295D67361AC}.AppStore|iPhone.Build.0 = Debug|Any CPU
		{87EAE414-D895-4F8F-988F-5295D67361AC}.AppStore|iPhone.Deploy.0 = Debug|Any CPU
		{87EAE414-D895-4F8F-988F-5295D67361AC}.AppStore|iPhoneSimulator.ActiveCfg = Debug|Any CPU
		{87EAE414-D895-4F8F-988F-5295D67361AC}.AppStore|iPhoneSimulator.Build.0 = Debug|Any CPU
		{87EAE414-D895-4F8F-988F-5295D67361AC}.AppStore|iPhoneSimulator.Deploy.0 = Debug|Any CPU
		{87EAE414-D895-4F8F-988F-5295D67361AC}.AppStore|x64.ActiveCfg = Debug|Any CPU
		{87EAE414-D895-4F8F-988F-5295D67361AC}.AppStore|x64.Build.0 = Debug|Any CPU
		{87EAE414-D895-4F8F-988F-5295D67361AC}.AppStore|x64.Deploy.0 = Debug|Any CPU
		{87EAE414-D895-4F8F-988F-5295D67361AC}.AppStore|x86.ActiveCfg = Debug|Any CPU
		{87EAE414-D895-4F8F-988F-5295D67361AC}.AppStore|x86.Build.0 = Debug|Any CPU
		{87EAE414-D895-4F8F-988F-5295D67361AC}.AppStore|x86.Deploy.0 = Debug|Any CPU
		{87EAE414-D895-4F8F-988F-5295D67361AC}.Debug|Any CPU.ActiveCfg = Debug|Any CPU
		{87EAE414-D895-4F8F-988F-5295D67361AC}.Debug|Any CPU.Build.0 = Debug|Any CPU
		{87EAE414-D895-4F8F-988F-5295D67361AC}.Debug|Any CPU.Deploy.0 = Debug|Any CPU
		{87EAE414-D895-4F8F-988F-5295D67361AC}.Debug|ARM.ActiveCfg = Debug|Any CPU
		{87EAE414-D895-4F8F-988F-5295D67361AC}.Debug|ARM.Build.0 = Debug|Any CPU
		{87EAE414-D895-4F8F-988F-5295D67361AC}.Debug|ARM.Deploy.0 = Debug|Any CPU
		{87EAE414-D895-4F8F-988F-5295D67361AC}.Debug|iPhone.ActiveCfg = Debug|Any CPU
		{87EAE414-D895-4F8F-988F-5295D67361AC}.Debug|iPhone.Build.0 = Debug|Any CPU
		{87EAE414-D895-4F8F-988F-5295D67361AC}.Debug|iPhone.Deploy.0 = Debug|Any CPU
		{87EAE414-D895-4F8F-988F-5295D67361AC}.Debug|iPhoneSimulator.ActiveCfg = Debug|Any CPU
		{87EAE414-D895-4F8F-988F-5295D67361AC}.Debug|iPhoneSimulator.Build.0 = Debug|Any CPU
		{87EAE414-D895-4F8F-988F-5295D67361AC}.Debug|iPhoneSimulator.Deploy.0 = Debug|Any CPU
		{87EAE414-D895-4F8F-988F-5295D67361AC}.Debug|x64.ActiveCfg = Debug|Any CPU
		{87EAE414-D895-4F8F-988F-5295D67361AC}.Debug|x64.Build.0 = Debug|Any CPU
		{87EAE414-D895-4F8F-988F-5295D67361AC}.Debug|x64.Deploy.0 = Debug|Any CPU
		{87EAE414-D895-4F8F-988F-5295D67361AC}.Debug|x86.ActiveCfg = Debug|Any CPU
		{87EAE414-D895-4F8F-988F-5295D67361AC}.Debug|x86.Build.0 = Debug|Any CPU
		{87EAE414-D895-4F8F-988F-5295D67361AC}.Debug|x86.Deploy.0 = Debug|Any CPU
		{87EAE414-D895-4F8F-988F-5295D67361AC}.Release|Any CPU.ActiveCfg = Release|Any CPU
		{87EAE414-D895-4F8F-988F-5295D67361AC}.Release|Any CPU.Build.0 = Release|Any CPU
		{87EAE414-D895-4F8F-988F-5295D67361AC}.Release|Any CPU.Deploy.0 = Release|Any CPU
		{87EAE414-D895-4F8F-988F-5295D67361AC}.Release|ARM.ActiveCfg = Release|Any CPU
		{87EAE414-D895-4F8F-988F-5295D67361AC}.Release|ARM.Build.0 = Release|Any CPU
		{87EAE414-D895-4F8F-988F-5295D67361AC}.Release|ARM.Deploy.0 = Release|Any CPU
		{87EAE414-D895-4F8F-988F-5295D67361AC}.Release|iPhone.ActiveCfg = Release|Any CPU
		{87EAE414-D895-4F8F-988F-5295D67361AC}.Release|iPhone.Build.0 = Release|Any CPU
		{87EAE414-D895-4F8F-988F-5295D67361AC}.Release|iPhone.Deploy.0 = Release|Any CPU
		{87EAE414-D895-4F8F-988F-5295D67361AC}.Release|iPhoneSimulator.ActiveCfg = Release|Any CPU
		{87EAE414-D895-4F8F-988F-5295D67361AC}.Release|iPhoneSimulator.Build.0 = Release|Any CPU
		{87EAE414-D895-4F8F-988F-5295D67361AC}.Release|iPhoneSimulator.Deploy.0 = Release|Any CPU
		{87EAE414-D895-4F8F-988F-5295D67361AC}.Release|x64.ActiveCfg = Release|Any CPU
		{87EAE414-D895-4F8F-988F-5295D67361AC}.Release|x64.Build.0 = Release|Any CPU
		{87EAE414-D895-4F8F-988F-5295D67361AC}.Release|x64.Deploy.0 = Release|Any CPU
		{87EAE414-D895-4F8F-988F-5295D67361AC}.Release|x86.ActiveCfg = Release|Any CPU
		{87EAE414-D895-4F8F-988F-5295D67361AC}.Release|x86.Build.0 = Release|Any CPU
		{87EAE414-D895-4F8F-988F-5295D67361AC}.Release|x86.Deploy.0 = Release|Any CPU
		{9AE8DEF0-5A31-4FE6-8FA2-008D9685AAB2}.Ad-Hoc|Any CPU.ActiveCfg = Release|Any CPU
		{9AE8DEF0-5A31-4FE6-8FA2-008D9685AAB2}.Ad-Hoc|Any CPU.Build.0 = Release|Any CPU
		{9AE8DEF0-5A31-4FE6-8FA2-008D9685AAB2}.Ad-Hoc|ARM.ActiveCfg = Release|Any CPU
		{9AE8DEF0-5A31-4FE6-8FA2-008D9685AAB2}.Ad-Hoc|ARM.Build.0 = Release|Any CPU
		{9AE8DEF0-5A31-4FE6-8FA2-008D9685AAB2}.Ad-Hoc|iPhone.ActiveCfg = Release|Any CPU
		{9AE8DEF0-5A31-4FE6-8FA2-008D9685AAB2}.Ad-Hoc|iPhone.Build.0 = Release|Any CPU
		{9AE8DEF0-5A31-4FE6-8FA2-008D9685AAB2}.Ad-Hoc|iPhoneSimulator.ActiveCfg = Release|Any CPU
		{9AE8DEF0-5A31-4FE6-8FA2-008D9685AAB2}.Ad-Hoc|iPhoneSimulator.Build.0 = Release|Any CPU
		{9AE8DEF0-5A31-4FE6-8FA2-008D9685AAB2}.Ad-Hoc|x64.ActiveCfg = Release|Any CPU
		{9AE8DEF0-5A31-4FE6-8FA2-008D9685AAB2}.Ad-Hoc|x64.Build.0 = Release|Any CPU
		{9AE8DEF0-5A31-4FE6-8FA2-008D9685AAB2}.Ad-Hoc|x86.ActiveCfg = Release|Any CPU
		{9AE8DEF0-5A31-4FE6-8FA2-008D9685AAB2}.Ad-Hoc|x86.Build.0 = Release|Any CPU
		{9AE8DEF0-5A31-4FE6-8FA2-008D9685AAB2}.AppStore|Any CPU.ActiveCfg = Release|Any CPU
		{9AE8DEF0-5A31-4FE6-8FA2-008D9685AAB2}.AppStore|Any CPU.Build.0 = Release|Any CPU
		{9AE8DEF0-5A31-4FE6-8FA2-008D9685AAB2}.AppStore|ARM.ActiveCfg = Release|Any CPU
		{9AE8DEF0-5A31-4FE6-8FA2-008D9685AAB2}.AppStore|ARM.Build.0 = Release|Any CPU
		{9AE8DEF0-5A31-4FE6-8FA2-008D9685AAB2}.AppStore|iPhone.ActiveCfg = Release|Any CPU
		{9AE8DEF0-5A31-4FE6-8FA2-008D9685AAB2}.AppStore|iPhone.Build.0 = Release|Any CPU
		{9AE8DEF0-5A31-4FE6-8FA2-008D9685AAB2}.AppStore|iPhoneSimulator.ActiveCfg = Release|Any CPU
		{9AE8DEF0-5A31-4FE6-8FA2-008D9685AAB2}.AppStore|iPhoneSimulator.Build.0 = Release|Any CPU
		{9AE8DEF0-5A31-4FE6-8FA2-008D9685AAB2}.AppStore|x64.ActiveCfg = Release|Any CPU
		{9AE8DEF0-5A31-4FE6-8FA2-008D9685AAB2}.AppStore|x64.Build.0 = Release|Any CPU
		{9AE8DEF0-5A31-4FE6-8FA2-008D9685AAB2}.AppStore|x86.ActiveCfg = Release|Any CPU
		{9AE8DEF0-5A31-4FE6-8FA2-008D9685AAB2}.AppStore|x86.Build.0 = Release|Any CPU
		{9AE8DEF0-5A31-4FE6-8FA2-008D9685AAB2}.Debug|Any CPU.ActiveCfg = Debug|Any CPU
		{9AE8DEF0-5A31-4FE6-8FA2-008D9685AAB2}.Debug|Any CPU.Build.0 = Debug|Any CPU
		{9AE8DEF0-5A31-4FE6-8FA2-008D9685AAB2}.Debug|ARM.ActiveCfg = Debug|Any CPU
		{9AE8DEF0-5A31-4FE6-8FA2-008D9685AAB2}.Debug|ARM.Build.0 = Debug|Any CPU
		{9AE8DEF0-5A31-4FE6-8FA2-008D9685AAB2}.Debug|iPhone.ActiveCfg = Debug|Any CPU
		{9AE8DEF0-5A31-4FE6-8FA2-008D9685AAB2}.Debug|iPhone.Build.0 = Debug|Any CPU
		{9AE8DEF0-5A31-4FE6-8FA2-008D9685AAB2}.Debug|iPhoneSimulator.ActiveCfg = Debug|Any CPU
		{9AE8DEF0-5A31-4FE6-8FA2-008D9685AAB2}.Debug|iPhoneSimulator.Build.0 = Debug|Any CPU
		{9AE8DEF0-5A31-4FE6-8FA2-008D9685AAB2}.Debug|x64.ActiveCfg = Debug|Any CPU
		{9AE8DEF0-5A31-4FE6-8FA2-008D9685AAB2}.Debug|x64.Build.0 = Debug|Any CPU
		{9AE8DEF0-5A31-4FE6-8FA2-008D9685AAB2}.Debug|x86.ActiveCfg = Debug|Any CPU
		{9AE8DEF0-5A31-4FE6-8FA2-008D9685AAB2}.Debug|x86.Build.0 = Debug|Any CPU
		{9AE8DEF0-5A31-4FE6-8FA2-008D9685AAB2}.Release|Any CPU.ActiveCfg = Release|Any CPU
		{9AE8DEF0-5A31-4FE6-8FA2-008D9685AAB2}.Release|Any CPU.Build.0 = Release|Any CPU
		{9AE8DEF0-5A31-4FE6-8FA2-008D9685AAB2}.Release|ARM.ActiveCfg = Release|Any CPU
		{9AE8DEF0-5A31-4FE6-8FA2-008D9685AAB2}.Release|ARM.Build.0 = Release|Any CPU
		{9AE8DEF0-5A31-4FE6-8FA2-008D9685AAB2}.Release|iPhone.ActiveCfg = Release|Any CPU
		{9AE8DEF0-5A31-4FE6-8FA2-008D9685AAB2}.Release|iPhone.Build.0 = Release|Any CPU
		{9AE8DEF0-5A31-4FE6-8FA2-008D9685AAB2}.Release|iPhoneSimulator.ActiveCfg = Release|Any CPU
		{9AE8DEF0-5A31-4FE6-8FA2-008D9685AAB2}.Release|iPhoneSimulator.Build.0 = Release|Any CPU
		{9AE8DEF0-5A31-4FE6-8FA2-008D9685AAB2}.Release|x64.ActiveCfg = Release|Any CPU
		{9AE8DEF0-5A31-4FE6-8FA2-008D9685AAB2}.Release|x64.Build.0 = Release|Any CPU
		{9AE8DEF0-5A31-4FE6-8FA2-008D9685AAB2}.Release|x86.ActiveCfg = Release|Any CPU
		{9AE8DEF0-5A31-4FE6-8FA2-008D9685AAB2}.Release|x86.Build.0 = Release|Any CPU
		{8ECFD0D3-21FC-4D0D-9B4B-F0B312D62A81}.Ad-Hoc|Any CPU.ActiveCfg = Release|Any CPU
		{8ECFD0D3-21FC-4D0D-9B4B-F0B312D62A81}.Ad-Hoc|Any CPU.Build.0 = Release|Any CPU
		{8ECFD0D3-21FC-4D0D-9B4B-F0B312D62A81}.Ad-Hoc|ARM.ActiveCfg = Release|Any CPU
		{8ECFD0D3-21FC-4D0D-9B4B-F0B312D62A81}.Ad-Hoc|ARM.Build.0 = Release|Any CPU
		{8ECFD0D3-21FC-4D0D-9B4B-F0B312D62A81}.Ad-Hoc|iPhone.ActiveCfg = Release|Any CPU
		{8ECFD0D3-21FC-4D0D-9B4B-F0B312D62A81}.Ad-Hoc|iPhone.Build.0 = Release|Any CPU
		{8ECFD0D3-21FC-4D0D-9B4B-F0B312D62A81}.Ad-Hoc|iPhoneSimulator.ActiveCfg = Release|Any CPU
		{8ECFD0D3-21FC-4D0D-9B4B-F0B312D62A81}.Ad-Hoc|iPhoneSimulator.Build.0 = Release|Any CPU
		{8ECFD0D3-21FC-4D0D-9B4B-F0B312D62A81}.Ad-Hoc|x64.ActiveCfg = Release|Any CPU
		{8ECFD0D3-21FC-4D0D-9B4B-F0B312D62A81}.Ad-Hoc|x64.Build.0 = Release|Any CPU
		{8ECFD0D3-21FC-4D0D-9B4B-F0B312D62A81}.Ad-Hoc|x86.ActiveCfg = Release|Any CPU
		{8ECFD0D3-21FC-4D0D-9B4B-F0B312D62A81}.Ad-Hoc|x86.Build.0 = Release|Any CPU
		{8ECFD0D3-21FC-4D0D-9B4B-F0B312D62A81}.AppStore|Any CPU.ActiveCfg = Release|Any CPU
		{8ECFD0D3-21FC-4D0D-9B4B-F0B312D62A81}.AppStore|Any CPU.Build.0 = Release|Any CPU
		{8ECFD0D3-21FC-4D0D-9B4B-F0B312D62A81}.AppStore|ARM.ActiveCfg = Release|Any CPU
		{8ECFD0D3-21FC-4D0D-9B4B-F0B312D62A81}.AppStore|ARM.Build.0 = Release|Any CPU
		{8ECFD0D3-21FC-4D0D-9B4B-F0B312D62A81}.AppStore|iPhone.ActiveCfg = Release|Any CPU
		{8ECFD0D3-21FC-4D0D-9B4B-F0B312D62A81}.AppStore|iPhone.Build.0 = Release|Any CPU
		{8ECFD0D3-21FC-4D0D-9B4B-F0B312D62A81}.AppStore|iPhoneSimulator.ActiveCfg = Release|Any CPU
		{8ECFD0D3-21FC-4D0D-9B4B-F0B312D62A81}.AppStore|iPhoneSimulator.Build.0 = Release|Any CPU
		{8ECFD0D3-21FC-4D0D-9B4B-F0B312D62A81}.AppStore|x64.ActiveCfg = Release|Any CPU
		{8ECFD0D3-21FC-4D0D-9B4B-F0B312D62A81}.AppStore|x64.Build.0 = Release|Any CPU
		{8ECFD0D3-21FC-4D0D-9B4B-F0B312D62A81}.AppStore|x86.ActiveCfg = Release|Any CPU
		{8ECFD0D3-21FC-4D0D-9B4B-F0B312D62A81}.AppStore|x86.Build.0 = Release|Any CPU
		{8ECFD0D3-21FC-4D0D-9B4B-F0B312D62A81}.Debug|Any CPU.ActiveCfg = Debug|Any CPU
		{8ECFD0D3-21FC-4D0D-9B4B-F0B312D62A81}.Debug|Any CPU.Build.0 = Debug|Any CPU
		{8ECFD0D3-21FC-4D0D-9B4B-F0B312D62A81}.Debug|ARM.ActiveCfg = Debug|Any CPU
		{8ECFD0D3-21FC-4D0D-9B4B-F0B312D62A81}.Debug|ARM.Build.0 = Debug|Any CPU
		{8ECFD0D3-21FC-4D0D-9B4B-F0B312D62A81}.Debug|iPhone.ActiveCfg = Debug|Any CPU
		{8ECFD0D3-21FC-4D0D-9B4B-F0B312D62A81}.Debug|iPhone.Build.0 = Debug|Any CPU
		{8ECFD0D3-21FC-4D0D-9B4B-F0B312D62A81}.Debug|iPhoneSimulator.ActiveCfg = Debug|Any CPU
		{8ECFD0D3-21FC-4D0D-9B4B-F0B312D62A81}.Debug|iPhoneSimulator.Build.0 = Debug|Any CPU
		{8ECFD0D3-21FC-4D0D-9B4B-F0B312D62A81}.Debug|x64.ActiveCfg = Debug|Any CPU
		{8ECFD0D3-21FC-4D0D-9B4B-F0B312D62A81}.Debug|x64.Build.0 = Debug|Any CPU
		{8ECFD0D3-21FC-4D0D-9B4B-F0B312D62A81}.Debug|x86.ActiveCfg = Debug|Any CPU
		{8ECFD0D3-21FC-4D0D-9B4B-F0B312D62A81}.Debug|x86.Build.0 = Debug|Any CPU
		{8ECFD0D3-21FC-4D0D-9B4B-F0B312D62A81}.Release|Any CPU.ActiveCfg = Release|Any CPU
		{8ECFD0D3-21FC-4D0D-9B4B-F0B312D62A81}.Release|Any CPU.Build.0 = Release|Any CPU
		{8ECFD0D3-21FC-4D0D-9B4B-F0B312D62A81}.Release|ARM.ActiveCfg = Release|Any CPU
		{8ECFD0D3-21FC-4D0D-9B4B-F0B312D62A81}.Release|ARM.Build.0 = Release|Any CPU
		{8ECFD0D3-21FC-4D0D-9B4B-F0B312D62A81}.Release|iPhone.ActiveCfg = Release|Any CPU
		{8ECFD0D3-21FC-4D0D-9B4B-F0B312D62A81}.Release|iPhone.Build.0 = Release|Any CPU
		{8ECFD0D3-21FC-4D0D-9B4B-F0B312D62A81}.Release|iPhoneSimulator.ActiveCfg = Release|Any CPU
		{8ECFD0D3-21FC-4D0D-9B4B-F0B312D62A81}.Release|iPhoneSimulator.Build.0 = Release|Any CPU
		{8ECFD0D3-21FC-4D0D-9B4B-F0B312D62A81}.Release|x64.ActiveCfg = Release|Any CPU
		{8ECFD0D3-21FC-4D0D-9B4B-F0B312D62A81}.Release|x64.Build.0 = Release|Any CPU
		{8ECFD0D3-21FC-4D0D-9B4B-F0B312D62A81}.Release|x86.ActiveCfg = Release|Any CPU
		{8ECFD0D3-21FC-4D0D-9B4B-F0B312D62A81}.Release|x86.Build.0 = Release|Any CPU
		{88613190-3BAA-4F4B-9B0C-A113D3F40A84}.Ad-Hoc|Any CPU.ActiveCfg = Release|Any CPU
		{88613190-3BAA-4F4B-9B0C-A113D3F40A84}.Ad-Hoc|Any CPU.Build.0 = Release|Any CPU
		{88613190-3BAA-4F4B-9B0C-A113D3F40A84}.Ad-Hoc|ARM.ActiveCfg = Release|Any CPU
		{88613190-3BAA-4F4B-9B0C-A113D3F40A84}.Ad-Hoc|ARM.Build.0 = Release|Any CPU
		{88613190-3BAA-4F4B-9B0C-A113D3F40A84}.Ad-Hoc|iPhone.ActiveCfg = Release|Any CPU
		{88613190-3BAA-4F4B-9B0C-A113D3F40A84}.Ad-Hoc|iPhone.Build.0 = Release|Any CPU
		{88613190-3BAA-4F4B-9B0C-A113D3F40A84}.Ad-Hoc|iPhoneSimulator.ActiveCfg = Release|Any CPU
		{88613190-3BAA-4F4B-9B0C-A113D3F40A84}.Ad-Hoc|iPhoneSimulator.Build.0 = Release|Any CPU
		{88613190-3BAA-4F4B-9B0C-A113D3F40A84}.Ad-Hoc|x64.ActiveCfg = Release|Any CPU
		{88613190-3BAA-4F4B-9B0C-A113D3F40A84}.Ad-Hoc|x64.Build.0 = Release|Any CPU
		{88613190-3BAA-4F4B-9B0C-A113D3F40A84}.Ad-Hoc|x86.ActiveCfg = Release|Any CPU
		{88613190-3BAA-4F4B-9B0C-A113D3F40A84}.Ad-Hoc|x86.Build.0 = Release|Any CPU
		{88613190-3BAA-4F4B-9B0C-A113D3F40A84}.AppStore|Any CPU.ActiveCfg = Release|Any CPU
		{88613190-3BAA-4F4B-9B0C-A113D3F40A84}.AppStore|Any CPU.Build.0 = Release|Any CPU
		{88613190-3BAA-4F4B-9B0C-A113D3F40A84}.AppStore|ARM.ActiveCfg = Release|Any CPU
		{88613190-3BAA-4F4B-9B0C-A113D3F40A84}.AppStore|ARM.Build.0 = Release|Any CPU
		{88613190-3BAA-4F4B-9B0C-A113D3F40A84}.AppStore|iPhone.ActiveCfg = Release|Any CPU
		{88613190-3BAA-4F4B-9B0C-A113D3F40A84}.AppStore|iPhone.Build.0 = Release|Any CPU
		{88613190-3BAA-4F4B-9B0C-A113D3F40A84}.AppStore|iPhoneSimulator.ActiveCfg = Release|Any CPU
		{88613190-3BAA-4F4B-9B0C-A113D3F40A84}.AppStore|iPhoneSimulator.Build.0 = Release|Any CPU
		{88613190-3BAA-4F4B-9B0C-A113D3F40A84}.AppStore|x64.ActiveCfg = Release|Any CPU
		{88613190-3BAA-4F4B-9B0C-A113D3F40A84}.AppStore|x64.Build.0 = Release|Any CPU
		{88613190-3BAA-4F4B-9B0C-A113D3F40A84}.AppStore|x86.ActiveCfg = Release|Any CPU
		{88613190-3BAA-4F4B-9B0C-A113D3F40A84}.AppStore|x86.Build.0 = Release|Any CPU
		{88613190-3BAA-4F4B-9B0C-A113D3F40A84}.Debug|Any CPU.ActiveCfg = Debug|Any CPU
		{88613190-3BAA-4F4B-9B0C-A113D3F40A84}.Debug|Any CPU.Build.0 = Debug|Any CPU
		{88613190-3BAA-4F4B-9B0C-A113D3F40A84}.Debug|ARM.ActiveCfg = Debug|Any CPU
		{88613190-3BAA-4F4B-9B0C-A113D3F40A84}.Debug|ARM.Build.0 = Debug|Any CPU
		{88613190-3BAA-4F4B-9B0C-A113D3F40A84}.Debug|iPhone.ActiveCfg = Debug|Any CPU
		{88613190-3BAA-4F4B-9B0C-A113D3F40A84}.Debug|iPhone.Build.0 = Debug|Any CPU
		{88613190-3BAA-4F4B-9B0C-A113D3F40A84}.Debug|iPhoneSimulator.ActiveCfg = Debug|Any CPU
		{88613190-3BAA-4F4B-9B0C-A113D3F40A84}.Debug|iPhoneSimulator.Build.0 = Debug|Any CPU
		{88613190-3BAA-4F4B-9B0C-A113D3F40A84}.Debug|x64.ActiveCfg = Debug|Any CPU
		{88613190-3BAA-4F4B-9B0C-A113D3F40A84}.Debug|x64.Build.0 = Debug|Any CPU
		{88613190-3BAA-4F4B-9B0C-A113D3F40A84}.Debug|x86.ActiveCfg = Debug|Any CPU
		{88613190-3BAA-4F4B-9B0C-A113D3F40A84}.Debug|x86.Build.0 = Debug|Any CPU
		{88613190-3BAA-4F4B-9B0C-A113D3F40A84}.Release|Any CPU.ActiveCfg = Release|Any CPU
		{88613190-3BAA-4F4B-9B0C-A113D3F40A84}.Release|Any CPU.Build.0 = Release|Any CPU
		{88613190-3BAA-4F4B-9B0C-A113D3F40A84}.Release|ARM.ActiveCfg = Release|Any CPU
		{88613190-3BAA-4F4B-9B0C-A113D3F40A84}.Release|ARM.Build.0 = Release|Any CPU
		{88613190-3BAA-4F4B-9B0C-A113D3F40A84}.Release|iPhone.ActiveCfg = Release|Any CPU
		{88613190-3BAA-4F4B-9B0C-A113D3F40A84}.Release|iPhone.Build.0 = Release|Any CPU
		{88613190-3BAA-4F4B-9B0C-A113D3F40A84}.Release|iPhoneSimulator.ActiveCfg = Release|Any CPU
		{88613190-3BAA-4F4B-9B0C-A113D3F40A84}.Release|iPhoneSimulator.Build.0 = Release|Any CPU
		{88613190-3BAA-4F4B-9B0C-A113D3F40A84}.Release|x64.ActiveCfg = Release|Any CPU
		{88613190-3BAA-4F4B-9B0C-A113D3F40A84}.Release|x64.Build.0 = Release|Any CPU
		{88613190-3BAA-4F4B-9B0C-A113D3F40A84}.Release|x86.ActiveCfg = Release|Any CPU
		{88613190-3BAA-4F4B-9B0C-A113D3F40A84}.Release|x86.Build.0 = Release|Any CPU
		{A3366B4C-036B-46EA-A1B8-34812FD06771}.Ad-Hoc|Any CPU.ActiveCfg = Release|Any CPU
		{A3366B4C-036B-46EA-A1B8-34812FD06771}.Ad-Hoc|Any CPU.Build.0 = Release|Any CPU
		{A3366B4C-036B-46EA-A1B8-34812FD06771}.Ad-Hoc|ARM.ActiveCfg = Release|Any CPU
		{A3366B4C-036B-46EA-A1B8-34812FD06771}.Ad-Hoc|ARM.Build.0 = Release|Any CPU
		{A3366B4C-036B-46EA-A1B8-34812FD06771}.Ad-Hoc|iPhone.ActiveCfg = Release|Any CPU
		{A3366B4C-036B-46EA-A1B8-34812FD06771}.Ad-Hoc|iPhone.Build.0 = Release|Any CPU
		{A3366B4C-036B-46EA-A1B8-34812FD06771}.Ad-Hoc|iPhoneSimulator.ActiveCfg = Release|Any CPU
		{A3366B4C-036B-46EA-A1B8-34812FD06771}.Ad-Hoc|iPhoneSimulator.Build.0 = Release|Any CPU
		{A3366B4C-036B-46EA-A1B8-34812FD06771}.Ad-Hoc|x64.ActiveCfg = Release|Any CPU
		{A3366B4C-036B-46EA-A1B8-34812FD06771}.Ad-Hoc|x64.Build.0 = Release|Any CPU
		{A3366B4C-036B-46EA-A1B8-34812FD06771}.Ad-Hoc|x86.ActiveCfg = Release|Any CPU
		{A3366B4C-036B-46EA-A1B8-34812FD06771}.Ad-Hoc|x86.Build.0 = Release|Any CPU
		{A3366B4C-036B-46EA-A1B8-34812FD06771}.AppStore|Any CPU.ActiveCfg = Release|Any CPU
		{A3366B4C-036B-46EA-A1B8-34812FD06771}.AppStore|Any CPU.Build.0 = Release|Any CPU
		{A3366B4C-036B-46EA-A1B8-34812FD06771}.AppStore|ARM.ActiveCfg = Release|Any CPU
		{A3366B4C-036B-46EA-A1B8-34812FD06771}.AppStore|ARM.Build.0 = Release|Any CPU
		{A3366B4C-036B-46EA-A1B8-34812FD06771}.AppStore|iPhone.ActiveCfg = Release|Any CPU
		{A3366B4C-036B-46EA-A1B8-34812FD06771}.AppStore|iPhone.Build.0 = Release|Any CPU
		{A3366B4C-036B-46EA-A1B8-34812FD06771}.AppStore|iPhoneSimulator.ActiveCfg = Release|Any CPU
		{A3366B4C-036B-46EA-A1B8-34812FD06771}.AppStore|iPhoneSimulator.Build.0 = Release|Any CPU
		{A3366B4C-036B-46EA-A1B8-34812FD06771}.AppStore|x64.ActiveCfg = Release|Any CPU
		{A3366B4C-036B-46EA-A1B8-34812FD06771}.AppStore|x64.Build.0 = Release|Any CPU
		{A3366B4C-036B-46EA-A1B8-34812FD06771}.AppStore|x86.ActiveCfg = Release|Any CPU
		{A3366B4C-036B-46EA-A1B8-34812FD06771}.AppStore|x86.Build.0 = Release|Any CPU
		{A3366B4C-036B-46EA-A1B8-34812FD06771}.Debug|Any CPU.ActiveCfg = Debug|Any CPU
		{A3366B4C-036B-46EA-A1B8-34812FD06771}.Debug|Any CPU.Build.0 = Debug|Any CPU
		{A3366B4C-036B-46EA-A1B8-34812FD06771}.Debug|ARM.ActiveCfg = Debug|Any CPU
		{A3366B4C-036B-46EA-A1B8-34812FD06771}.Debug|ARM.Build.0 = Debug|Any CPU
		{A3366B4C-036B-46EA-A1B8-34812FD06771}.Debug|iPhone.ActiveCfg = Debug|Any CPU
		{A3366B4C-036B-46EA-A1B8-34812FD06771}.Debug|iPhone.Build.0 = Debug|Any CPU
		{A3366B4C-036B-46EA-A1B8-34812FD06771}.Debug|iPhoneSimulator.ActiveCfg = Debug|Any CPU
		{A3366B4C-036B-46EA-A1B8-34812FD06771}.Debug|iPhoneSimulator.Build.0 = Debug|Any CPU
		{A3366B4C-036B-46EA-A1B8-34812FD06771}.Debug|x64.ActiveCfg = Debug|Any CPU
		{A3366B4C-036B-46EA-A1B8-34812FD06771}.Debug|x64.Build.0 = Debug|Any CPU
		{A3366B4C-036B-46EA-A1B8-34812FD06771}.Debug|x86.ActiveCfg = Debug|Any CPU
		{A3366B4C-036B-46EA-A1B8-34812FD06771}.Debug|x86.Build.0 = Debug|Any CPU
		{A3366B4C-036B-46EA-A1B8-34812FD06771}.Release|Any CPU.ActiveCfg = Release|Any CPU
		{A3366B4C-036B-46EA-A1B8-34812FD06771}.Release|Any CPU.Build.0 = Release|Any CPU
		{A3366B4C-036B-46EA-A1B8-34812FD06771}.Release|ARM.ActiveCfg = Release|Any CPU
		{A3366B4C-036B-46EA-A1B8-34812FD06771}.Release|ARM.Build.0 = Release|Any CPU
		{A3366B4C-036B-46EA-A1B8-34812FD06771}.Release|iPhone.ActiveCfg = Release|Any CPU
		{A3366B4C-036B-46EA-A1B8-34812FD06771}.Release|iPhone.Build.0 = Release|Any CPU
		{A3366B4C-036B-46EA-A1B8-34812FD06771}.Release|iPhoneSimulator.ActiveCfg = Release|Any CPU
		{A3366B4C-036B-46EA-A1B8-34812FD06771}.Release|iPhoneSimulator.Build.0 = Release|Any CPU
		{A3366B4C-036B-46EA-A1B8-34812FD06771}.Release|x64.ActiveCfg = Release|Any CPU
		{A3366B4C-036B-46EA-A1B8-34812FD06771}.Release|x64.Build.0 = Release|Any CPU
		{A3366B4C-036B-46EA-A1B8-34812FD06771}.Release|x86.ActiveCfg = Release|Any CPU
		{A3366B4C-036B-46EA-A1B8-34812FD06771}.Release|x86.Build.0 = Release|Any CPU
	EndGlobalSection
	GlobalSection(SolutionProperties) = preSolution
		HideSolutionNode = FALSE
	EndGlobalSection
	GlobalSection(ExtensibilityGlobals) = postSolution
		SolutionGuid = {F694E6EA-F4CB-4FC0-826C-91FACC064BF0}
	EndGlobalSection
EndGlobal
